// !$*UTF8*$!
{
	archiveVersion = 1;
	classes = {
	};
	objectVersion = 55;
	objects = {

/* Begin PBXBuildFile section */
		AE7137401A334C01B838F65E /* Pods_ZonarEvirExample.framework in Frameworks */ = {isa = PBXBuildFile; fileRef = DD4C028F4C48DA18ACB33B81 /* Pods_ZonarEvirExample.framework */; };
		B5F3DA9427B6869F0058D7B4 /* AppDelegate.swift in Sources */ = {isa = PBXBuildFile; fileRef = B5F3DA9327B6869F0058D7B4 /* AppDelegate.swift */; };
		B5F3DA9627B6869F0058D7B4 /* SceneDelegate.swift in Sources */ = {isa = PBXBuildFile; fileRef = B5F3DA9527B6869F0058D7B4 /* SceneDelegate.swift */; };
		B5F3DA9827B6869F0058D7B4 /* ViewController.swift in Sources */ = {isa = PBXBuildFile; fileRef = B5F3DA9727B6869F0058D7B4 /* ViewController.swift */; };
		B5F3DA9B27B6869F0058D7B4 /* Main.storyboard in Resources */ = {isa = PBXBuildFile; fileRef = B5F3DA9927B6869F0058D7B4 /* Main.storyboard */; };
		B5F3DA9E27B6869F0058D7B4 /* ZonarEvirExample.xcdatamodeld in Sources */ = {isa = PBXBuildFile; fileRef = B5F3DA9C27B6869F0058D7B4 /* ZonarEvirExample.xcdatamodeld */; };
		B5F3DAA027B6869F0058D7B4 /* Assets.xcassets in Resources */ = {isa = PBXBuildFile; fileRef = B5F3DA9F27B6869F0058D7B4 /* Assets.xcassets */; };
		B5F3DAA327B6869F0058D7B4 /* LaunchScreen.storyboard in Resources */ = {isa = PBXBuildFile; fileRef = B5F3DAA127B6869F0058D7B4 /* LaunchScreen.storyboard */; };
		B5F3DAB727B6AD540058D7B4 /* HomeViewController.swift in Sources */ = {isa = PBXBuildFile; fileRef = B5F3DAB627B6AD540058D7B4 /* HomeViewController.swift */; };
		B5F3DABA27B6B0A70058D7B4 /* AssetCardCell.swift in Sources */ = {isa = PBXBuildFile; fileRef = B5F3DAB927B6B0A70058D7B4 /* AssetCardCell.swift */; };
/* End PBXBuildFile section */

/* Begin PBXFileReference section */
		286C3DF4ABC7C8E91307A587 /* Pods-ZonarEvirExample.release.xcconfig */ = {isa = PBXFileReference; includeInIndex = 1; lastKnownFileType = text.xcconfig; name = "Pods-ZonarEvirExample.release.xcconfig"; path = "Target Support Files/Pods-ZonarEvirExample/Pods-ZonarEvirExample.release.xcconfig"; sourceTree = "<group>"; };
		B5F3DA9027B6869F0058D7B4 /* ZonarEvirExample.app */ = {isa = PBXFileReference; explicitFileType = wrapper.application; includeInIndex = 0; path = ZonarEvirExample.app; sourceTree = BUILT_PRODUCTS_DIR; };
		B5F3DA9327B6869F0058D7B4 /* AppDelegate.swift */ = {isa = PBXFileReference; lastKnownFileType = sourcecode.swift; path = AppDelegate.swift; sourceTree = "<group>"; };
		B5F3DA9527B6869F0058D7B4 /* SceneDelegate.swift */ = {isa = PBXFileReference; lastKnownFileType = sourcecode.swift; path = SceneDelegate.swift; sourceTree = "<group>"; };
		B5F3DA9727B6869F0058D7B4 /* ViewController.swift */ = {isa = PBXFileReference; lastKnownFileType = sourcecode.swift; path = ViewController.swift; sourceTree = "<group>"; };
		B5F3DA9A27B6869F0058D7B4 /* Base */ = {isa = PBXFileReference; lastKnownFileType = file.storyboard; name = Base; path = Base.lproj/Main.storyboard; sourceTree = "<group>"; };
		B5F3DA9D27B6869F0058D7B4 /* ZonarEvirExample.xcdatamodel */ = {isa = PBXFileReference; lastKnownFileType = wrapper.xcdatamodel; path = ZonarEvirExample.xcdatamodel; sourceTree = "<group>"; };
		B5F3DA9F27B6869F0058D7B4 /* Assets.xcassets */ = {isa = PBXFileReference; lastKnownFileType = folder.assetcatalog; path = Assets.xcassets; sourceTree = "<group>"; };
		B5F3DAA227B6869F0058D7B4 /* Base */ = {isa = PBXFileReference; lastKnownFileType = file.storyboard; name = Base; path = Base.lproj/LaunchScreen.storyboard; sourceTree = "<group>"; };
		B5F3DAA427B6869F0058D7B4 /* Info.plist */ = {isa = PBXFileReference; lastKnownFileType = text.plist.xml; path = Info.plist; sourceTree = "<group>"; };
		B5F3DAB627B6AD540058D7B4 /* HomeViewController.swift */ = {isa = PBXFileReference; lastKnownFileType = sourcecode.swift; path = HomeViewController.swift; sourceTree = "<group>"; };
		B5F3DAB927B6B0A70058D7B4 /* AssetCardCell.swift */ = {isa = PBXFileReference; lastKnownFileType = sourcecode.swift; path = AssetCardCell.swift; sourceTree = "<group>"; };
		C865DCEF2954CC48CDE3A70C /* Pods-ZonarEvirExample.debug.xcconfig */ = {isa = PBXFileReference; includeInIndex = 1; lastKnownFileType = text.xcconfig; name = "Pods-ZonarEvirExample.debug.xcconfig"; path = "Target Support Files/Pods-ZonarEvirExample/Pods-ZonarEvirExample.debug.xcconfig"; sourceTree = "<group>"; };
		DD4C028F4C48DA18ACB33B81 /* Pods_ZonarEvirExample.framework */ = {isa = PBXFileReference; explicitFileType = wrapper.framework; includeInIndex = 0; path = Pods_ZonarEvirExample.framework; sourceTree = BUILT_PRODUCTS_DIR; };
/* End PBXFileReference section */

/* Begin PBXFrameworksBuildPhase section */
		B5F3DA8D27B6869F0058D7B4 /* Frameworks */ = {
			isa = PBXFrameworksBuildPhase;
			buildActionMask = 2147483647;
			files = (
				AE7137401A334C01B838F65E /* Pods_ZonarEvirExample.framework in Frameworks */,
			);
			runOnlyForDeploymentPostprocessing = 0;
		};
/* End PBXFrameworksBuildPhase section */

/* Begin PBXGroup section */
		16431DBDD5379CFD02C5C34F /* Pods */ = {
			isa = PBXGroup;
			children = (
				C865DCEF2954CC48CDE3A70C /* Pods-ZonarEvirExample.debug.xcconfig */,
				286C3DF4ABC7C8E91307A587 /* Pods-ZonarEvirExample.release.xcconfig */,
			);
			path = Pods;
			sourceTree = "<group>";
		};
		AA3923F1652CED2A684ABFB5 /* Frameworks */ = {
			isa = PBXGroup;
			children = (
				DD4C028F4C48DA18ACB33B81 /* Pods_ZonarEvirExample.framework */,
			);
			name = Frameworks;
			sourceTree = "<group>";
		};
		B5F3DA8727B6869F0058D7B4 = {
			isa = PBXGroup;
			children = (
				B5F3DA9227B6869F0058D7B4 /* ZonarEvirExample */,
				B5F3DA9127B6869F0058D7B4 /* Products */,
				16431DBDD5379CFD02C5C34F /* Pods */,
				AA3923F1652CED2A684ABFB5 /* Frameworks */,
			);
			sourceTree = "<group>";
		};
		B5F3DA9127B6869F0058D7B4 /* Products */ = {
			isa = PBXGroup;
			children = (
				B5F3DA9027B6869F0058D7B4 /* ZonarEvirExample.app */,
			);
			name = Products;
			sourceTree = "<group>";
		};
		B5F3DA9227B6869F0058D7B4 /* ZonarEvirExample */ = {
			isa = PBXGroup;
			children = (
				B5F3DAAC27B68C6C0058D7B4 /* Modules */,
				B5F3DAAB27B68C5E0058D7B4 /* App */,
				B5F3DAAA27B68C540058D7B4 /* Storyboards */,
				B5F3DA9327B6869F0058D7B4 /* AppDelegate.swift */,
				B5F3DA9527B6869F0058D7B4 /* SceneDelegate.swift */,
				B5F3DA9727B6869F0058D7B4 /* ViewController.swift */,
				B5F3DAA427B6869F0058D7B4 /* Info.plist */,
				B5F3DA9C27B6869F0058D7B4 /* ZonarEvirExample.xcdatamodeld */,
			);
			path = ZonarEvirExample;
			sourceTree = "<group>";
		};
		B5F3DAAA27B68C540058D7B4 /* Storyboards */ = {
			isa = PBXGroup;
			children = (
				B5F3DA9927B6869F0058D7B4 /* Main.storyboard */,
				B5F3DAA127B6869F0058D7B4 /* LaunchScreen.storyboard */,
			);
			path = Storyboards;
			sourceTree = "<group>";
		};
		B5F3DAAB27B68C5E0058D7B4 /* App */ = {
			isa = PBXGroup;
			children = (
				B5F3DA9F27B6869F0058D7B4 /* Assets.xcassets */,
			);
			path = App;
			sourceTree = "<group>";
		};
		B5F3DAAC27B68C6C0058D7B4 /* Modules */ = {
			isa = PBXGroup;
			children = (
				B5F3DAB127B68CAA0058D7B4 /* Model */,
				B5F3DAB027B68CA30058D7B4 /* ViewModel */,
				B5F3DAAF27B68C990058D7B4 /* DomainModel */,
				B5F3DAAE27B68C920058D7B4 /* Views */,
			);
			path = Modules;
			sourceTree = "<group>";
		};
		B5F3DAAE27B68C920058D7B4 /* Views */ = {
			isa = PBXGroup;
			children = (
				B5F3DAB327B68CC90058D7B4 /* Controller */,
				B5F3DAB227B68CC40058D7B4 /* View */,
			);
			path = Views;
			sourceTree = "<group>";
		};
		B5F3DAAF27B68C990058D7B4 /* DomainModel */ = {
			isa = PBXGroup;
			children = (
			);
			path = DomainModel;
			sourceTree = "<group>";
		};
		B5F3DAB027B68CA30058D7B4 /* ViewModel */ = {
			isa = PBXGroup;
			children = (
			);
			path = ViewModel;
			sourceTree = "<group>";
		};
		B5F3DAB127B68CAA0058D7B4 /* Model */ = {
			isa = PBXGroup;
			children = (
			);
			path = Model;
			sourceTree = "<group>";
		};
		B5F3DAB227B68CC40058D7B4 /* View */ = {
			isa = PBXGroup;
			children = (
				B5F3DAB927B6B0A70058D7B4 /* AssetCardCell.swift */,
			);
			path = View;
			sourceTree = "<group>";
		};
		B5F3DAB327B68CC90058D7B4 /* Controller */ = {
			isa = PBXGroup;
			children = (
				B5F3DAB427B6AC9D0058D7B4 /* Home */,
			);
			path = Controller;
			sourceTree = "<group>";
		};
		B5F3DAB427B6AC9D0058D7B4 /* Home */ = {
			isa = PBXGroup;
			children = (
				B5F3DAB527B6AD450058D7B4 /* HomeView */,
			);
			path = Home;
			sourceTree = "<group>";
		};
		B5F3DAB527B6AD450058D7B4 /* HomeView */ = {
			isa = PBXGroup;
			children = (
				B5F3DAB627B6AD540058D7B4 /* HomeViewController.swift */,
			);
			path = HomeView;
			sourceTree = "<group>";
		};
/* End PBXGroup section */

/* Begin PBXNativeTarget section */
		B5F3DA8F27B6869F0058D7B4 /* ZonarEvirExample */ = {
			isa = PBXNativeTarget;
			buildConfigurationList = B5F3DAA727B6869F0058D7B4 /* Build configuration list for PBXNativeTarget "ZonarEvirExample" */;
			buildPhases = (
				96C19305CE11BFE6DCC82D34 /* [CP] Check Pods Manifest.lock */,
				B5F3DA8C27B6869F0058D7B4 /* Sources */,
				B5F3DA8D27B6869F0058D7B4 /* Frameworks */,
				B5F3DA8E27B6869F0058D7B4 /* Resources */,
			);
			buildRules = (
			);
			dependencies = (
			);
			name = ZonarEvirExample;
			productName = ZonarEvirExample;
			productReference = B5F3DA9027B6869F0058D7B4 /* ZonarEvirExample.app */;
			productType = "com.apple.product-type.application";
		};
/* End PBXNativeTarget section */

/* Begin PBXProject section */
		B5F3DA8827B6869F0058D7B4 /* Project object */ = {
			isa = PBXProject;
			attributes = {
				BuildIndependentTargetsInParallel = 1;
				LastSwiftUpdateCheck = 1300;
				LastUpgradeCheck = 1300;
				TargetAttributes = {
					B5F3DA8F27B6869F0058D7B4 = {
						CreatedOnToolsVersion = 13.0;
					};
				};
			};
			buildConfigurationList = B5F3DA8B27B6869F0058D7B4 /* Build configuration list for PBXProject "ZonarEvirExample" */;
			compatibilityVersion = "Xcode 13.0";
			developmentRegion = en;
			hasScannedForEncodings = 0;
			knownRegions = (
				en,
				Base,
			);
			mainGroup = B5F3DA8727B6869F0058D7B4;
			productRefGroup = B5F3DA9127B6869F0058D7B4 /* Products */;
			projectDirPath = "";
			projectRoot = "";
			targets = (
				B5F3DA8F27B6869F0058D7B4 /* ZonarEvirExample */,
			);
		};
/* End PBXProject section */

/* Begin PBXResourcesBuildPhase section */
		B5F3DA8E27B6869F0058D7B4 /* Resources */ = {
			isa = PBXResourcesBuildPhase;
			buildActionMask = 2147483647;
			files = (
				B5F3DAA327B6869F0058D7B4 /* LaunchScreen.storyboard in Resources */,
				B5F3DAA027B6869F0058D7B4 /* Assets.xcassets in Resources */,
				B5F3DA9B27B6869F0058D7B4 /* Main.storyboard in Resources */,
			);
			runOnlyForDeploymentPostprocessing = 0;
		};
/* End PBXResourcesBuildPhase section */

/* Begin PBXShellScriptBuildPhase section */
		96C19305CE11BFE6DCC82D34 /* [CP] Check Pods Manifest.lock */ = {
			isa = PBXShellScriptBuildPhase;
			buildActionMask = 2147483647;
			files = (
			);
			inputFileListPaths = (
			);
			inputPaths = (
				"${PODS_PODFILE_DIR_PATH}/Podfile.lock",
				"${PODS_ROOT}/Manifest.lock",
			);
			name = "[CP] Check Pods Manifest.lock";
			outputFileListPaths = (
			);
			outputPaths = (
				"$(DERIVED_FILE_DIR)/Pods-ZonarEvirExample-checkManifestLockResult.txt",
			);
			runOnlyForDeploymentPostprocessing = 0;
			shellPath = /bin/sh;
			shellScript = "diff \"${PODS_PODFILE_DIR_PATH}/Podfile.lock\" \"${PODS_ROOT}/Manifest.lock\" > /dev/null\nif [ $? != 0 ] ; then\n    # print error to STDERR\n    echo \"error: The sandbox is not in sync with the Podfile.lock. Run 'pod install' or update your CocoaPods installation.\" >&2\n    exit 1\nfi\n# This output is used by Xcode 'outputs' to avoid re-running this script phase.\necho \"SUCCESS\" > \"${SCRIPT_OUTPUT_FILE_0}\"\n";
			showEnvVarsInLog = 0;
		};
/* End PBXShellScriptBuildPhase section */

/* Begin PBXSourcesBuildPhase section */
		B5F3DA8C27B6869F0058D7B4 /* Sources */ = {
			isa = PBXSourcesBuildPhase;
			buildActionMask = 2147483647;
			files = (
				B5F3DAB727B6AD540058D7B4 /* HomeViewController.swift in Sources */,
				B5F3DA9827B6869F0058D7B4 /* ViewController.swift in Sources */,
				B5F3DABA27B6B0A70058D7B4 /* AssetCardCell.swift in Sources */,
				B5F3DA9E27B6869F0058D7B4 /* ZonarEvirExample.xcdatamodeld in Sources */,
				B5F3DA9427B6869F0058D7B4 /* AppDelegate.swift in Sources */,
				B5F3DA9627B6869F0058D7B4 /* SceneDelegate.swift in Sources */,
			);
			runOnlyForDeploymentPostprocessing = 0;
		};
/* End PBXSourcesBuildPhase section */

/* Begin PBXVariantGroup section */
		B5F3DA9927B6869F0058D7B4 /* Main.storyboard */ = {
			isa = PBXVariantGroup;
			children = (
				B5F3DA9A27B6869F0058D7B4 /* Base */,
			);
			name = Main.storyboard;
			sourceTree = "<group>";
		};
		B5F3DAA127B6869F0058D7B4 /* LaunchScreen.storyboard */ = {
			isa = PBXVariantGroup;
			children = (
				B5F3DAA227B6869F0058D7B4 /* Base */,
			);
			name = LaunchScreen.storyboard;
			sourceTree = "<group>";
		};
/* End PBXVariantGroup section */

/* Begin XCBuildConfiguration section */
		B5F3DAA527B6869F0058D7B4 /* Debug */ = {
			isa = XCBuildConfiguration;
			buildSettings = {
				ALWAYS_SEARCH_USER_PATHS = NO;
				CLANG_ANALYZER_NONNULL = YES;
				CLANG_ANALYZER_NUMBER_OBJECT_CONVERSION = YES_AGGRESSIVE;
				CLANG_CXX_LANGUAGE_STANDARD = "gnu++17";
				CLANG_CXX_LIBRARY = "libc++";
				CLANG_ENABLE_MODULES = YES;
				CLANG_ENABLE_OBJC_ARC = YES;
				CLANG_ENABLE_OBJC_WEAK = YES;
				CLANG_WARN_BLOCK_CAPTURE_AUTORELEASING = YES;
				CLANG_WARN_BOOL_CONVERSION = YES;
				CLANG_WARN_COMMA = YES;
				CLANG_WARN_CONSTANT_CONVERSION = YES;
				CLANG_WARN_DEPRECATED_OBJC_IMPLEMENTATIONS = YES;
				CLANG_WARN_DIRECT_OBJC_ISA_USAGE = YES_ERROR;
				CLANG_WARN_DOCUMENTATION_COMMENTS = YES;
				CLANG_WARN_EMPTY_BODY = YES;
				CLANG_WARN_ENUM_CONVERSION = YES;
				CLANG_WARN_INFINITE_RECURSION = YES;
				CLANG_WARN_INT_CONVERSION = YES;
				CLANG_WARN_NON_LITERAL_NULL_CONVERSION = YES;
				CLANG_WARN_OBJC_IMPLICIT_RETAIN_SELF = YES;
				CLANG_WARN_OBJC_LITERAL_CONVERSION = YES;
				CLANG_WARN_OBJC_ROOT_CLASS = YES_ERROR;
				CLANG_WARN_QUOTED_INCLUDE_IN_FRAMEWORK_HEADER = YES;
				CLANG_WARN_RANGE_LOOP_ANALYSIS = YES;
				CLANG_WARN_STRICT_PROTOTYPES = YES;
				CLANG_WARN_SUSPICIOUS_MOVE = YES;
				CLANG_WARN_UNGUARDED_AVAILABILITY = YES_AGGRESSIVE;
				CLANG_WARN_UNREACHABLE_CODE = YES;
				CLANG_WARN__DUPLICATE_METHOD_MATCH = YES;
				COPY_PHASE_STRIP = NO;
				DEBUG_INFORMATION_FORMAT = dwarf;
				ENABLE_STRICT_OBJC_MSGSEND = YES;
				ENABLE_TESTABILITY = YES;
				GCC_C_LANGUAGE_STANDARD = gnu11;
				GCC_DYNAMIC_NO_PIC = NO;
				GCC_NO_COMMON_BLOCKS = YES;
				GCC_OPTIMIZATION_LEVEL = 0;
				GCC_PREPROCESSOR_DEFINITIONS = (
					"DEBUG=1",
					"$(inherited)",
				);
				GCC_WARN_64_TO_32_BIT_CONVERSION = YES;
				GCC_WARN_ABOUT_RETURN_TYPE = YES_ERROR;
				GCC_WARN_UNDECLARED_SELECTOR = YES;
				GCC_WARN_UNINITIALIZED_AUTOS = YES_AGGRESSIVE;
				GCC_WARN_UNUSED_FUNCTION = YES;
				GCC_WARN_UNUSED_VARIABLE = YES;
				IPHONEOS_DEPLOYMENT_TARGET = 15.0;
				MTL_ENABLE_DEBUG_INFO = INCLUDE_SOURCE;
				MTL_FAST_MATH = YES;
				ONLY_ACTIVE_ARCH = YES;
				SDKROOT = iphoneos;
				SWIFT_ACTIVE_COMPILATION_CONDITIONS = DEBUG;
				SWIFT_OPTIMIZATION_LEVEL = "-Onone";
			};
			name = Debug;
		};
		B5F3DAA627B6869F0058D7B4 /* Release */ = {
			isa = XCBuildConfiguration;
			buildSettings = {
				ALWAYS_SEARCH_USER_PATHS = NO;
				CLANG_ANALYZER_NONNULL = YES;
				CLANG_ANALYZER_NUMBER_OBJECT_CONVERSION = YES_AGGRESSIVE;
				CLANG_CXX_LANGUAGE_STANDARD = "gnu++17";
				CLANG_CXX_LIBRARY = "libc++";
				CLANG_ENABLE_MODULES = YES;
				CLANG_ENABLE_OBJC_ARC = YES;
				CLANG_ENABLE_OBJC_WEAK = YES;
				CLANG_WARN_BLOCK_CAPTURE_AUTORELEASING = YES;
				CLANG_WARN_BOOL_CONVERSION = YES;
				CLANG_WARN_COMMA = YES;
				CLANG_WARN_CONSTANT_CONVERSION = YES;
				CLANG_WARN_DEPRECATED_OBJC_IMPLEMENTATIONS = YES;
				CLANG_WARN_DIRECT_OBJC_ISA_USAGE = YES_ERROR;
				CLANG_WARN_DOCUMENTATION_COMMENTS = YES;
				CLANG_WARN_EMPTY_BODY = YES;
				CLANG_WARN_ENUM_CONVERSION = YES;
				CLANG_WARN_INFINITE_RECURSION = YES;
				CLANG_WARN_INT_CONVERSION = YES;
				CLANG_WARN_NON_LITERAL_NULL_CONVERSION = YES;
				CLANG_WARN_OBJC_IMPLICIT_RETAIN_SELF = YES;
				CLANG_WARN_OBJC_LITERAL_CONVERSION = YES;
				CLANG_WARN_OBJC_ROOT_CLASS = YES_ERROR;
				CLANG_WARN_QUOTED_INCLUDE_IN_FRAMEWORK_HEADER = YES;
				CLANG_WARN_RANGE_LOOP_ANALYSIS = YES;
				CLANG_WARN_STRICT_PROTOTYPES = YES;
				CLANG_WARN_SUSPICIOUS_MOVE = YES;
				CLANG_WARN_UNGUARDED_AVAILABILITY = YES_AGGRESSIVE;
				CLANG_WARN_UNREACHABLE_CODE = YES;
				CLANG_WARN__DUPLICATE_METHOD_MATCH = YES;
				COPY_PHASE_STRIP = NO;
				DEBUG_INFORMATION_FORMAT = "dwarf-with-dsym";
				ENABLE_NS_ASSERTIONS = NO;
				ENABLE_STRICT_OBJC_MSGSEND = YES;
				GCC_C_LANGUAGE_STANDARD = gnu11;
				GCC_NO_COMMON_BLOCKS = YES;
				GCC_WARN_64_TO_32_BIT_CONVERSION = YES;
				GCC_WARN_ABOUT_RETURN_TYPE = YES_ERROR;
				GCC_WARN_UNDECLARED_SELECTOR = YES;
				GCC_WARN_UNINITIALIZED_AUTOS = YES_AGGRESSIVE;
				GCC_WARN_UNUSED_FUNCTION = YES;
				GCC_WARN_UNUSED_VARIABLE = YES;
				IPHONEOS_DEPLOYMENT_TARGET = 15.0;
				MTL_ENABLE_DEBUG_INFO = NO;
				MTL_FAST_MATH = YES;
				SDKROOT = iphoneos;
				SWIFT_COMPILATION_MODE = wholemodule;
				SWIFT_OPTIMIZATION_LEVEL = "-O";
				VALIDATE_PRODUCT = YES;
			};
			name = Release;
		};
		B5F3DAA827B6869F0058D7B4 /* Debug */ = {
			isa = XCBuildConfiguration;
			baseConfigurationReference = C865DCEF2954CC48CDE3A70C /* Pods-ZonarEvirExample.debug.xcconfig */;
			buildSettings = {
				ASSETCATALOG_COMPILER_APPICON_NAME = AppIcon;
				ASSETCATALOG_COMPILER_GLOBAL_ACCENT_COLOR_NAME = AccentColor;
				CODE_SIGN_STYLE = Automatic;
				CURRENT_PROJECT_VERSION = 1;
				DEVELOPMENT_TEAM = 35Y3R58LXU;
				GENERATE_INFOPLIST_FILE = YES;
				INFOPLIST_FILE = ZonarEvirExample/Info.plist;
				INFOPLIST_KEY_UIApplicationSupportsIndirectInputEvents = YES;
				INFOPLIST_KEY_UILaunchStoryboardName = LaunchScreen;
				INFOPLIST_KEY_UIMainStoryboardFile = Main;
				INFOPLIST_KEY_UISupportedInterfaceOrientations_iPad = "UIInterfaceOrientationPortrait UIInterfaceOrientationPortraitUpsideDown UIInterfaceOrientationLandscapeLeft UIInterfaceOrientationLandscapeRight";
				INFOPLIST_KEY_UISupportedInterfaceOrientations_iPhone = "UIInterfaceOrientationPortrait UIInterfaceOrientationLandscapeLeft UIInterfaceOrientationLandscapeRight";
				LD_RUNPATH_SEARCH_PATHS = (
					"$(inherited)",
					"@executable_path/Frameworks",
				);
				MARKETING_VERSION = 1.0;
				PRODUCT_BUNDLE_IDENTIFIER = com.huunhanta.ZonarEvirExample;
				PRODUCT_NAME = "$(TARGET_NAME)";
				SWIFT_EMIT_LOC_STRINGS = YES;
				SWIFT_VERSION = 5.0;
				TARGETED_DEVICE_FAMILY = "1,2";
			};
			name = Debug;
		};
		B5F3DAA927B6869F0058D7B4 /* Release */ = {
			isa = XCBuildConfiguration;
			baseConfigurationReference = 286C3DF4ABC7C8E91307A587 /* Pods-ZonarEvirExample.release.xcconfig */;
			buildSettings = {
				ASSETCATALOG_COMPILER_APPICON_NAME = AppIcon;
				ASSETCATALOG_COMPILER_GLOBAL_ACCENT_COLOR_NAME = AccentColor;
				CODE_SIGN_STYLE = Automatic;
				CURRENT_PROJECT_VERSION = 1;
				DEVELOPMENT_TEAM = 35Y3R58LXU;
				GENERATE_INFOPLIST_FILE = YES;
				INFOPLIST_FILE = ZonarEvirExample/Info.plist;
				INFOPLIST_KEY_UIApplicationSupportsIndirectInputEvents = YES;
				INFOPLIST_KEY_UILaunchStoryboardName = LaunchScreen;
				INFOPLIST_KEY_UIMainStoryboardFile = Main;
				INFOPLIST_KEY_UISupportedInterfaceOrientations_iPad = "UIInterfaceOrientationPortrait UIInterfaceOrientationPortraitUpsideDown UIInterfaceOrientationLandscapeLeft UIInterfaceOrientationLandscapeRight";
				INFOPLIST_KEY_UISupportedInterfaceOrientations_iPhone = "UIInterfaceOrientationPortrait UIInterfaceOrientationLandscapeLeft UIInterfaceOrientationLandscapeRight";
				LD_RUNPATH_SEARCH_PATHS = (
					"$(inherited)",
					"@executable_path/Frameworks",
				);
				MARKETING_VERSION = 1.0;
				PRODUCT_BUNDLE_IDENTIFIER = com.huunhanta.ZonarEvirExample;
				PRODUCT_NAME = "$(TARGET_NAME)";
				SWIFT_EMIT_LOC_STRINGS = YES;
				SWIFT_VERSION = 5.0;
				TARGETED_DEVICE_FAMILY = "1,2";
			};
			name = Release;
		};
/* End XCBuildConfiguration section */

/* Begin XCConfigurationList section */
		B5F3DA8B27B6869F0058D7B4 /* Build configuration list for PBXProject "ZonarEvirExample" */ = {
			isa = XCConfigurationList;
			buildConfigurations = (
				B5F3DAA527B6869F0058D7B4 /* Debug */,
				B5F3DAA627B6869F0058D7B4 /* Release */,
			);
			defaultConfigurationIsVisible = 0;
			defaultConfigurationName = Release;
		};
		B5F3DAA727B6869F0058D7B4 /* Build configuration list for PBXNativeTarget "ZonarEvirExample" */ = {
			isa = XCConfigurationList;
			buildConfigurations = (
				B5F3DAA827B6869F0058D7B4 /* Debug */,
				B5F3DAA927B6869F0058D7B4 /* Release */,
			);
			defaultConfigurationIsVisible = 0;
			defaultConfigurationName = Release;
		};
/* End XCConfigurationList section */

/* Begin XCVersionGroup section */
		B5F3DA9C27B6869F0058D7B4 /* ZonarEvirExample.xcdatamodeld */ = {
			isa = XCVersionGroup;
			children = (
				B5F3DA9D27B6869F0058D7B4 /* ZonarEvirExample.xcdatamodel */,
			);
			currentVersion = B5F3DA9D27B6869F0058D7B4 /* ZonarEvirExample.xcdatamodel */;
			path = ZonarEvirExample.xcdatamodeld;
			sourceTree = "<group>";
			versionGroupType = wrapper.xcdatamodel;
		};
/* End XCVersionGroup section */
	};
	rootObject = B5F3DA8827B6869F0058D7B4 /* Project object */;
}
